
Microsoft Visual Studio Solution File, Format Version 9.00
# Visual C++ Express 2005
Project("{8BC9CEB8-8B4A-11D0-8D11-00A0C91BC942}") = "simple_b_transport", "simple_b_transport.vcproj", "{29E6C6B1-901E-4BBF-9A2A-53B54813B82A}"
EndProject
Global
	GlobalSection(SolutionConfigurationPlatforms) = preSolution
		Debug|Win32 = Debug|Win32
		Release|Win32 = Release|Win32
	EndGlobalSection
	GlobalSection(ProjectConfigurationPlatforms) = postSolution
		{29E6C6B1-901E-4BBF-9A2A-53B54813B82A}.Debug|Win32.ActiveCfg = Debug|Win32
		{29E6C6B1-901E-4BBF-9A2A-53B54813B82A}.Debug|Win32.Build.0 = Debug|Win32
		{29E6C6B1-901E-4BBF-9A2A-53B54813B82A}.Release|Win32.ActiveCfg = Release|Win32
		{29E6C6B1-901E-4BBF-9A2A-53B54813B82A}.Release|Win32.Build.0 = Release|Win32
	EndGlobalSection
	GlobalSection(SolutionProperties) = preSolution
		HideSolutionNode = FALSE
	EndGlobalSection
EndGlobal
